
Microsoft Visual Studio Solution File, Format Version 12.00
# Visual Studio Version 16
VisualStudioVersion = 16.0.30413.136
MinimumVisualStudioVersion = 10.0.40219.1
Project("{2150E333-8FDC-42A3-9474-1A3956D46DE8}") = "Solution Items", "Solution Items", "{B3633C3D-BA8B-4F0E-80D7-1E95797BF223}"
	ProjectSection(SolutionItems) = preProject
		Generate.cmd = Generate.cmd
		SampleApp\LocalTestRun.testrunconfig = SampleApp\LocalTestRun.testrunconfig
		SampleApp\ToDoSample.vsmdi = SampleApp\ToDoSample.vsmdi
	EndProjectSection
EndProject
Project("{2150E333-8FDC-42A3-9474-1A3956D46DE8}") = "Generation", "Generation", "{08149AD6-9D8C-45A2-B09E-9B7D803B0B8E}"
	ProjectSection(SolutionItems) = preProject
		Generator\Content.cst = Generator\Content.cst
		Generator\COperation.cst = Generator\COperation.cst
		Generator\DocManager.cs = Generator\DocManager.cs
		Generator\DocToHtml.xslt = Generator\DocToHtml.xslt
		Generator\GenerationProfile.xml = Generator\GenerationProfile.xml
		Generator\GenerationSettings.xml = Generator\GenerationSettings.xml
		Generator\GeneratorMain.cst = Generator\GeneratorMain.cst
		Generator\Index.cst = Generator\Index.cst
		Generator\IndexTop.cst = Generator\IndexTop.cst
		Generator\SOperation.cst = Generator\SOperation.cst
		Generator\UIOperation.cst = Generator\UIOperation.cst
		Generator\Utils.cs = Generator\Utils.cs
	EndProjectSection
EndProject
Project("{2150E333-8FDC-42A3-9474-1A3956D46DE8}") = "CodeAnalyzer", "CodeAnalyzer", "{CE87C969-E211-4EC8-8BB8-F5D4214F7EB8}"
EndProject
Project("{2150E333-8FDC-42A3-9474-1A3956D46DE8}") = "files", "files", "{01CF4614-A2F3-4C8F-9B0E-3CD0B256DE31}"
	ProjectSection(SolutionItems) = preProject
		Generator\files\CodeModel.css = Generator\files\CodeModel.css
		Generator\files\CodeModel.js = Generator\files\CodeModel.js
	EndProjectSection
EndProject
Project("{2150E333-8FDC-42A3-9474-1A3956D46DE8}") = "ToDo Sample Application", "ToDo Sample Application", "{AD988599-C93F-4681-82D6-CC606DA48392}"
EndProject
Project("{FAE04EC0-301F-11D3-BF4B-00C04F79EFBC}") = "ToDoSample.Application", "SampleApp\ToDoApplication\ToDoSample.Application.csproj", "{5081C7D4-7C50-4025-A322-988C311220FE}"
	ProjectSection(ProjectDependencies) = postProject
		{01B71591-3BFF-4246-B39F-BF5C6031BD76} = {01B71591-3BFF-4246-B39F-BF5C6031BD76}
	EndProjectSection
EndProject
Project("{FAE04EC0-301F-11D3-BF4B-00C04F79EFBC}") = "ToDoSample.Contract", "SampleApp\ToDoContract\ToDoSample.Contract.csproj", "{A798B3F6-3226-45CD-AFBA-295F2AEA7FF6}"
EndProject
Project("{FAE04EC0-301F-11D3-BF4B-00C04F79EFBC}") = "ToDoSample.Service", "SampleApp\ToDoService\ToDoSample.Service.csproj", "{01B71591-3BFF-4246-B39F-BF5C6031BD76}"
EndProject
Project("{FAE04EC0-301F-11D3-BF4B-00C04F79EFBC}") = "ToDoSample.UnitTests", "SampleApp\ToDoUnitTests\ToDoSample.UnitTests.csproj", "{BC8443BB-0B26-4C56-AE8C-C30FFC856DF3}"
EndProject
Project("{FAE04EC0-301F-11D3-BF4B-00C04F79EFBC}") = "Arebis.Common (Partial)", "StaticCodeAnalyzer\Arebis.Common\Arebis.Common (Partial).csproj", "{8826F246-4754-4D05-B25D-2FCDEA50C478}"
EndProject
Project("{FAE04EC0-301F-11D3-BF4B-00C04F79EFBC}") = "Arebis.CodeAnalysis.Static", "StaticCodeAnalyzer\Arebis.CodeAnalysis.Static\Arebis.CodeAnalysis.Static.csproj", "{EDD83D64-5443-4133-ACAF-E1652B637580}"
EndProject
Global
	GlobalSection(SolutionConfigurationPlatforms) = preSolution
		Debug|Any CPU = Debug|Any CPU
		Release|Any CPU = Release|Any CPU
	EndGlobalSection
	GlobalSection(ProjectConfigurationPlatforms) = postSolution
		{5081C7D4-7C50-4025-A322-988C311220FE}.Debug|Any CPU.ActiveCfg = Debug|Any CPU
		{5081C7D4-7C50-4025-A322-988C311220FE}.Debug|Any CPU.Build.0 = Debug|Any CPU
		{5081C7D4-7C50-4025-A322-988C311220FE}.Release|Any CPU.ActiveCfg = Release|Any CPU
		{5081C7D4-7C50-4025-A322-988C311220FE}.Release|Any CPU.Build.0 = Release|Any CPU
		{A798B3F6-3226-45CD-AFBA-295F2AEA7FF6}.Debug|Any CPU.ActiveCfg = Debug|Any CPU
		{A798B3F6-3226-45CD-AFBA-295F2AEA7FF6}.Debug|Any CPU.Build.0 = Debug|Any CPU
		{A798B3F6-3226-45CD-AFBA-295F2AEA7FF6}.Release|Any CPU.ActiveCfg = Release|Any CPU
		{A798B3F6-3226-45CD-AFBA-295F2AEA7FF6}.Release|Any CPU.Build.0 = Release|Any CPU
		{01B71591-3BFF-4246-B39F-BF5C6031BD76}.Debug|Any CPU.ActiveCfg = Debug|Any CPU
		{01B71591-3BFF-4246-B39F-BF5C6031BD76}.Debug|Any CPU.Build.0 = Debug|Any CPU
		{01B71591-3BFF-4246-B39F-BF5C6031BD76}.Release|Any CPU.ActiveCfg = Release|Any CPU
		{01B71591-3BFF-4246-B39F-BF5C6031BD76}.Release|Any CPU.Build.0 = Release|Any CPU
		{BC8443BB-0B26-4C56-AE8C-C30FFC856DF3}.Debug|Any CPU.ActiveCfg = Debug|Any CPU
		{BC8443BB-0B26-4C56-AE8C-C30FFC856DF3}.Debug|Any CPU.Build.0 = Debug|Any CPU
		{BC8443BB-0B26-4C56-AE8C-C30FFC856DF3}.Release|Any CPU.ActiveCfg = Release|Any CPU
		{BC8443BB-0B26-4C56-AE8C-C30FFC856DF3}.Release|Any CPU.Build.0 = Release|Any CPU
		{8826F246-4754-4D05-B25D-2FCDEA50C478}.Debug|Any CPU.ActiveCfg = Debug|Any CPU
		{8826F246-4754-4D05-B25D-2FCDEA50C478}.Debug|Any CPU.Build.0 = Debug|Any CPU
		{8826F246-4754-4D05-B25D-2FCDEA50C478}.Release|Any CPU.ActiveCfg = Release|Any CPU
		{8826F246-4754-4D05-B25D-2FCDEA50C478}.Release|Any CPU.Build.0 = Release|Any CPU
		{EDD83D64-5443-4133-ACAF-E1652B637580}.Debug|Any CPU.ActiveCfg = Debug|Any CPU
		{EDD83D64-5443-4133-ACAF-E1652B637580}.Debug|Any CPU.Build.0 = Debug|Any CPU
		{EDD83D64-5443-4133-ACAF-E1652B637580}.Release|Any CPU.ActiveCfg = Release|Any CPU
		{EDD83D64-5443-4133-ACAF-E1652B637580}.Release|Any CPU.Build.0 = Release|Any CPU
	EndGlobalSection
	GlobalSection(SolutionProperties) = preSolution
		HideSolutionNode = FALSE
	EndGlobalSection
	GlobalSection(NestedProjects) = preSolution
		{01CF4614-A2F3-4C8F-9B0E-3CD0B256DE31} = {08149AD6-9D8C-45A2-B09E-9B7D803B0B8E}
		{5081C7D4-7C50-4025-A322-988C311220FE} = {AD988599-C93F-4681-82D6-CC606DA48392}
		{A798B3F6-3226-45CD-AFBA-295F2AEA7FF6} = {AD988599-C93F-4681-82D6-CC606DA48392}
		{01B71591-3BFF-4246-B39F-BF5C6031BD76} = {AD988599-C93F-4681-82D6-CC606DA48392}
		{BC8443BB-0B26-4C56-AE8C-C30FFC856DF3} = {AD988599-C93F-4681-82D6-CC606DA48392}
		{8826F246-4754-4D05-B25D-2FCDEA50C478} = {CE87C969-E211-4EC8-8BB8-F5D4214F7EB8}
		{EDD83D64-5443-4133-ACAF-E1652B637580} = {CE87C969-E211-4EC8-8BB8-F5D4214F7EB8}
	EndGlobalSection
	GlobalSection(ExtensibilityGlobals) = postSolution
		SolutionGuid = {9FE331D9-EFCE-4181-9F91-AAF98FFC1076}
	EndGlobalSection
	GlobalSection(TestCaseManagementSettings) = postSolution
		CategoryFile = SampleApp\ToDoSample.vsmdi
	EndGlobalSection
EndGlobal
